
Microsoft Visual Studio Solution File, Format Version 12.00
# Visual Studio 15
VisualStudioVersion = 15.0.26228.4
MinimumVisualStudioVersion = 10.0.40219.1
Project("{FAE04EC0-301F-11D3-BF4B-00C04F79EFBC}") = "WebApp5", "WebApp5\WebApp5.csproj", "{74DBB7F4-A297-4AA8-B7D4-B8189CFFA291}"
EndProject
Project("{FAE04EC0-301F-11D3-BF4B-00C04F79EFBC}") = "WebApp5.Tests", "WebApp5.Tests\WebApp5.Tests.csproj", "{AF104854-E816-4B80-857B-CBF696DAFE40}"
EndProject
Global
	GlobalSection(SolutionConfigurationPlatforms) = preSolution
		Debug|Any CPU = Debug|Any CPU
		Release|Any CPU = Release|Any CPU
	EndGlobalSection
	GlobalSection(ProjectConfigurationPlatforms) = postSolution
		{74DBB7F4-A297-4AA8-B7D4-B8189CFFA291}.Debug|Any CPU.ActiveCfg = Debug|Any CPU
		{74DBB7F4-A297-4AA8-B7D4-B8189CFFA291}.Debug|Any CPU.Build.0 = Debug|Any CPU
		{74DBB7F4-A297-4AA8-B7D4-B8189CFFA291}.Release|Any CPU.ActiveCfg = Release|Any CPU
		{74DBB7F4-A297-4AA8-B7D4-B8189CFFA291}.Release|Any CPU.Build.0 = Release|Any CPU
		{AF104854-E816-4B80-857B-CBF696DAFE40}.Debug|Any CPU.ActiveCfg = Debug|Any CPU
		{AF104854-E816-4B80-857B-CBF696DAFE40}.Debug|Any CPU.Build.0 = Debug|Any CPU
		{AF104854-E816-4B80-857B-CBF696DAFE40}.Release|Any CPU.ActiveCfg = Release|Any CPU
		{AF104854-E816-4B80-857B-CBF696DAFE40}.Release|Any CPU.Build.0 = Release|Any CPU
	EndGlobalSection
	GlobalSection(SolutionProperties) = preSolution
		HideSolutionNode = FALSE
	EndGlobalSection
EndGlobal
